// !$*UTF8*$!
{
	archiveVersion = 1;
	classes = {
	};
	objectVersion = 46;
	objects = {

/* Begin PBXBuildFile section */
		607FACD61AFB9204008FA782 /* AppDelegate.swift in Sources */ = {isa = PBXBuildFile; fileRef = 607FACD51AFB9204008FA782 /* AppDelegate.swift */; };
		607FACDD1AFB9204008FA782 /* Images.xcassets in Resources */ = {isa = PBXBuildFile; fileRef = 607FACDC1AFB9204008FA782 /* Images.xcassets */; };
		607FACE01AFB9204008FA782 /* LaunchScreen.xib in Resources */ = {isa = PBXBuildFile; fileRef = 607FACDE1AFB9204008FA782 /* LaunchScreen.xib */; };
		974126F71F82477B00362AE5 /* BasicHeaderedCAPSPageMenuViewController.swift in Sources */ = {isa = PBXBuildFile; fileRef = 974126ED1F82477900362AE5 /* BasicHeaderedCAPSPageMenuViewController.swift */; };
		974126F81F82477B00362AE5 /* HaDExampleViewController.swift in Sources */ = {isa = PBXBuildFile; fileRef = 974126EE1F82477900362AE5 /* HaDExampleViewController.swift */; };
		974126F91F82477B00362AE5 /* HackadayHeaderView.swift in Sources */ = {isa = PBXBuildFile; fileRef = 974126EF1F82477900362AE5 /* HackadayHeaderView.swift */; };
		974126FA1F82477B00362AE5 /* PlaceholderScrollableViewController.swift in Sources */ = {isa = PBXBuildFile; fileRef = 974126F01F82477A00362AE5 /* PlaceholderScrollableViewController.swift */; };
		974126FB1F82477B00362AE5 /* HNUserPageController.swift in Sources */ = {isa = PBXBuildFile; fileRef = 974126F11F82477A00362AE5 /* HNUserPageController.swift */; };
		974126FC1F82477B00362AE5 /* WithoutNavBarExample.swift in Sources */ = {isa = PBXBuildFile; fileRef = 974126F21F82477A00362AE5 /* WithoutNavBarExample.swift */; };
		974126FE1F82477B00362AE5 /* StatView.swift in Sources */ = {isa = PBXBuildFile; fileRef = 974126F41F82477A00362AE5 /* StatView.swift */; };
		974126FF1F82477B00362AE5 /* HNUserPageHeaderView.swift in Sources */ = {isa = PBXBuildFile; fileRef = 974126F51F82477A00362AE5 /* HNUserPageHeaderView.swift */; };
		974127001F82477B00362AE5 /* BasicHeaderedACTabScrollViewController.swift in Sources */ = {isa = PBXBuildFile; fileRef = 974126F61F82477B00362AE5 /* BasicHeaderedACTabScrollViewController.swift */; };
		974127041F8248EC00362AE5 /* AllInOneDemoWithNavController.swift in Sources */ = {isa = PBXBuildFile; fileRef = 974127031F8248EC00362AE5 /* AllInOneDemoWithNavController.swift */; };
		97E39DA41F83FA3000065863 /* CustomAnimationViewController.swift in Sources */ = {isa = PBXBuildFile; fileRef = 97E39DA31F83FA3000065863 /* CustomAnimationViewController.swift */; };
		D5D22124F46A2930A682E775 /* Pods_HeaderedTabScrollView_Example.framework in Frameworks */ = {isa = PBXBuildFile; fileRef = E5D9105471CFE95F92BBE473 /* Pods_HeaderedTabScrollView_Example.framework */; };
/* End PBXBuildFile section */

/* Begin PBXFileReference section */
		3720E81626B3E7093D6E391C /* Pods-HeaderedTabScrollView_Example.release.xcconfig */ = {isa = PBXFileReference; includeInIndex = 1; lastKnownFileType = text.xcconfig; name = "Pods-HeaderedTabScrollView_Example.release.xcconfig"; path = "Pods/Target Support Files/Pods-HeaderedTabScrollView_Example/Pods-HeaderedTabScrollView_Example.release.xcconfig"; sourceTree = "<group>"; };
		44403100D35B91DDA65F9D62 /* Pods-HeaderedTabScrollView_Example.debug.xcconfig */ = {isa = PBXFileReference; includeInIndex = 1; lastKnownFileType = text.xcconfig; name = "Pods-HeaderedTabScrollView_Example.debug.xcconfig"; path = "Pods/Target Support Files/Pods-HeaderedTabScrollView_Example/Pods-HeaderedTabScrollView_Example.debug.xcconfig"; sourceTree = "<group>"; };
		5DD672E2809BEF6DDF5FF199 /* HeaderedTabScrollView.podspec */ = {isa = PBXFileReference; includeInIndex = 1; lastKnownFileType = text; name = HeaderedTabScrollView.podspec; path = ../HeaderedTabScrollView.podspec; sourceTree = "<group>"; };
		607FACD01AFB9204008FA782 /* HeaderedTabScrollView_Example.app */ = {isa = PBXFileReference; explicitFileType = wrapper.application; includeInIndex = 0; path = HeaderedTabScrollView_Example.app; sourceTree = BUILT_PRODUCTS_DIR; };
		607FACD41AFB9204008FA782 /* Info.plist */ = {isa = PBXFileReference; lastKnownFileType = text.plist.xml; path = Info.plist; sourceTree = "<group>"; };
		607FACD51AFB9204008FA782 /* AppDelegate.swift */ = {isa = PBXFileReference; lastKnownFileType = sourcecode.swift; path = AppDelegate.swift; sourceTree = "<group>"; };
		607FACDC1AFB9204008FA782 /* Images.xcassets */ = {isa = PBXFileReference; lastKnownFileType = folder.assetcatalog; path = Images.xcassets; sourceTree = "<group>"; };
		607FACDF1AFB9204008FA782 /* Base */ = {isa = PBXFileReference; lastKnownFileType = file.xib; name = Base; path = Base.lproj/LaunchScreen.xib; sourceTree = "<group>"; };
		61FEF4C714327395C5A4D251 /* LICENSE */ = {isa = PBXFileReference; includeInIndex = 1; lastKnownFileType = text; name = LICENSE; path = ../LICENSE; sourceTree = "<group>"; };
		974126ED1F82477900362AE5 /* BasicHeaderedCAPSPageMenuViewController.swift */ = {isa = PBXFileReference; lastKnownFileType = sourcecode.swift; path = BasicHeaderedCAPSPageMenuViewController.swift; sourceTree = "<group>"; };
		974126EE1F82477900362AE5 /* HaDExampleViewController.swift */ = {isa = PBXFileReference; lastKnownFileType = sourcecode.swift; path = HaDExampleViewController.swift; sourceTree = "<group>"; };
		974126EF1F82477900362AE5 /* HackadayHeaderView.swift */ = {isa = PBXFileReference; lastKnownFileType = sourcecode.swift; path = HackadayHeaderView.swift; sourceTree = "<group>"; };
		974126F01F82477A00362AE5 /* PlaceholderScrollableViewController.swift */ = {isa = PBXFileReference; lastKnownFileType = sourcecode.swift; path = PlaceholderScrollableViewController.swift; sourceTree = "<group>"; };
		974126F11F82477A00362AE5 /* HNUserPageController.swift */ = {isa = PBXFileReference; lastKnownFileType = sourcecode.swift; path = HNUserPageController.swift; sourceTree = "<group>"; };
		974126F21F82477A00362AE5 /* WithoutNavBarExample.swift */ = {isa = PBXFileReference; lastKnownFileType = sourcecode.swift; path = WithoutNavBarExample.swift; sourceTree = "<group>"; };
		974126F41F82477A00362AE5 /* StatView.swift */ = {isa = PBXFileReference; lastKnownFileType = sourcecode.swift; path = StatView.swift; sourceTree = "<group>"; };
		974126F51F82477A00362AE5 /* HNUserPageHeaderView.swift */ = {isa = PBXFileReference; lastKnownFileType = sourcecode.swift; path = HNUserPageHeaderView.swift; sourceTree = "<group>"; };
		974126F61F82477B00362AE5 /* BasicHeaderedACTabScrollViewController.swift */ = {isa = PBXFileReference; lastKnownFileType = sourcecode.swift; path = BasicHeaderedACTabScrollViewController.swift; sourceTree = "<group>"; };
		974127031F8248EC00362AE5 /* AllInOneDemoWithNavController.swift */ = {isa = PBXFileReference; lastKnownFileType = sourcecode.swift; path = AllInOneDemoWithNavController.swift; sourceTree = "<group>"; };
		97E39DA31F83FA3000065863 /* CustomAnimationViewController.swift */ = {isa = PBXFileReference; lastKnownFileType = sourcecode.swift; path = CustomAnimationViewController.swift; sourceTree = "<group>"; };
		D41276956EFF8143D67932A3 /* README.md */ = {isa = PBXFileReference; includeInIndex = 1; lastKnownFileType = net.daringfireball.markdown; name = README.md; path = ../README.md; sourceTree = "<group>"; };
		E5D9105471CFE95F92BBE473 /* Pods_HeaderedTabScrollView_Example.framework */ = {isa = PBXFileReference; explicitFileType = wrapper.framework; includeInIndex = 0; path = Pods_HeaderedTabScrollView_Example.framework; sourceTree = BUILT_PRODUCTS_DIR; };
/* End PBXFileReference section */

/* Begin PBXFrameworksBuildPhase section */
		607FACCD1AFB9204008FA782 /* Frameworks */ = {
			isa = PBXFrameworksBuildPhase;
			buildActionMask = 2147483647;
			files = (
				D5D22124F46A2930A682E775 /* Pods_HeaderedTabScrollView_Example.framework in Frameworks */,
			);
			runOnlyForDeploymentPostprocessing = 0;
		};
/* End PBXFrameworksBuildPhase section */

/* Begin PBXGroup section */
		1B4C29A6ADD1E74A0214DE41 /* Frameworks */ = {
			isa = PBXGroup;
			children = (
				E5D9105471CFE95F92BBE473 /* Pods_HeaderedTabScrollView_Example.framework */,
			);
			name = Frameworks;
			sourceTree = "<group>";
		};
		607FACC71AFB9204008FA782 = {
			isa = PBXGroup;
			children = (
				607FACF51AFB993E008FA782 /* Podspec Metadata */,
				607FACD21AFB9204008FA782 /* Example for HeaderedTabScrollView */,
				607FACD11AFB9204008FA782 /* Products */,
				91B355D1C90C6B0217CB7EC7 /* Pods */,
				1B4C29A6ADD1E74A0214DE41 /* Frameworks */,
			);
			sourceTree = "<group>";
		};
		607FACD11AFB9204008FA782 /* Products */ = {
			isa = PBXGroup;
			children = (
				607FACD01AFB9204008FA782 /* HeaderedTabScrollView_Example.app */,
			);
			name = Products;
			sourceTree = "<group>";
		};
		607FACD21AFB9204008FA782 /* Example for HeaderedTabScrollView */ = {
			isa = PBXGroup;
			children = (
				607FACD51AFB9204008FA782 /* AppDelegate.swift */,
				974127031F8248EC00362AE5 /* AllInOneDemoWithNavController.swift */,
				974126F01F82477A00362AE5 /* PlaceholderScrollableViewController.swift */,
				97E73B571F893932009A9A26 /* Basic ACTabScrollView */,
				97E73B591F893953009A9A26 /* No Navbar example */,
				97E73B561F893927009A9A26 /* Basic PageMenu */,
				97E73B581F893946009A9A26 /* Custom Animation */,
				974127021F8247C300362AE5 /* HaDExample */,
				974127011F8247AE00362AE5 /* HNExample */,
				607FACDC1AFB9204008FA782 /* Images.xcassets */,
				607FACDE1AFB9204008FA782 /* LaunchScreen.xib */,
				607FACD31AFB9204008FA782 /* Supporting Files */,
			);
			name = "Example for HeaderedTabScrollView";
			path = HeaderedTabScrollView;
			sourceTree = "<group>";
		};
		607FACD31AFB9204008FA782 /* Supporting Files */ = {
			isa = PBXGroup;
			children = (
				607FACD41AFB9204008FA782 /* Info.plist */,
			);
			name = "Supporting Files";
			sourceTree = "<group>";
		};
		607FACF51AFB993E008FA782 /* Podspec Metadata */ = {
			isa = PBXGroup;
			children = (
				5DD672E2809BEF6DDF5FF199 /* HeaderedTabScrollView.podspec */,
				D41276956EFF8143D67932A3 /* README.md */,
				61FEF4C714327395C5A4D251 /* LICENSE */,
			);
			name = "Podspec Metadata";
			sourceTree = "<group>";
		};
		91B355D1C90C6B0217CB7EC7 /* Pods */ = {
			isa = PBXGroup;
			children = (
				44403100D35B91DDA65F9D62 /* Pods-HeaderedTabScrollView_Example.debug.xcconfig */,
				3720E81626B3E7093D6E391C /* Pods-HeaderedTabScrollView_Example.release.xcconfig */,
			);
			name = Pods;
			sourceTree = "<group>";
		};
		974127011F8247AE00362AE5 /* HNExample */ = {
			isa = PBXGroup;
			children = (
				974126F11F82477A00362AE5 /* HNUserPageController.swift */,
				974126F51F82477A00362AE5 /* HNUserPageHeaderView.swift */,
			);
			name = HNExample;
			sourceTree = "<group>";
		};
		974127021F8247C300362AE5 /* HaDExample */ = {
			isa = PBXGroup;
			children = (
				974126EF1F82477900362AE5 /* HackadayHeaderView.swift */,
				974126EE1F82477900362AE5 /* HaDExampleViewController.swift */,
				974126F41F82477A00362AE5 /* StatView.swift */,
			);
			name = HaDExample;
			sourceTree = "<group>";
		};
		97E73B561F893927009A9A26 /* Basic PageMenu */ = {
			isa = PBXGroup;
			children = (
				974126ED1F82477900362AE5 /* BasicHeaderedCAPSPageMenuViewController.swift */,
			);
			name = "Basic PageMenu";
			sourceTree = "<group>";
		};
		97E73B571F893932009A9A26 /* Basic ACTabScrollView */ = {
			isa = PBXGroup;
			children = (
				974126F61F82477B00362AE5 /* BasicHeaderedACTabScrollViewController.swift */,
			);
			name = "Basic ACTabScrollView";
			sourceTree = "<group>";
		};
		97E73B581F893946009A9A26 /* Custom Animation */ = {
			isa = PBXGroup;
			children = (
				97E39DA31F83FA3000065863 /* CustomAnimationViewController.swift */,
			);
			name = "Custom Animation";
			sourceTree = "<group>";
		};
		97E73B591F893953009A9A26 /* No Navbar example */ = {
			isa = PBXGroup;
			children = (
				974126F21F82477A00362AE5 /* WithoutNavBarExample.swift */,
			);
			name = "No Navbar example";
			sourceTree = "<group>";
		};
/* End PBXGroup section */

/* Begin PBXNativeTarget section */
		607FACCF1AFB9204008FA782 /* HeaderedTabScrollView_Example */ = {
			isa = PBXNativeTarget;
			buildConfigurationList = 607FACEF1AFB9204008FA782 /* Build configuration list for PBXNativeTarget "HeaderedTabScrollView_Example" */;
			buildPhases = (
				119B68FCE18131336D8A313A /* [CP] Check Pods Manifest.lock */,
				607FACCC1AFB9204008FA782 /* Sources */,
				607FACCD1AFB9204008FA782 /* Frameworks */,
				607FACCE1AFB9204008FA782 /* Resources */,
				60BEAE4FF8D2F67A3645EF28 /* [CP] Embed Pods Frameworks */,
				2F8315C31A4FFA365814899F /* [CP] Copy Pods Resources */,
			);
			buildRules = (
			);
			dependencies = (
			);
			name = HeaderedTabScrollView_Example;
			productName = HeaderedTabScrollView;
			productReference = 607FACD01AFB9204008FA782 /* HeaderedTabScrollView_Example.app */;
			productType = "com.apple.product-type.application";
		};
/* End PBXNativeTarget section */

/* Begin PBXProject section */
		607FACC81AFB9204008FA782 /* Project object */ = {
			isa = PBXProject;
			attributes = {
				LastSwiftUpdateCheck = 0720;
				LastUpgradeCheck = 0940;
				ORGANIZATIONNAME = CocoaPods;
				TargetAttributes = {
					607FACCF1AFB9204008FA782 = {
						CreatedOnToolsVersion = 6.3.1;
						LastSwiftMigration = 0900;
					};
				};
			};
			buildConfigurationList = 607FACCB1AFB9204008FA782 /* Build configuration list for PBXProject "HeaderedTabScrollView" */;
			compatibilityVersion = "Xcode 3.2";
			developmentRegion = English;
			hasScannedForEncodings = 0;
			knownRegions = (
				en,
				Base,
			);
			mainGroup = 607FACC71AFB9204008FA782;
			productRefGroup = 607FACD11AFB9204008FA782 /* Products */;
			projectDirPath = "";
			projectRoot = "";
			targets = (
				607FACCF1AFB9204008FA782 /* HeaderedTabScrollView_Example */,
			);
		};
/* End PBXProject section */

/* Begin PBXResourcesBuildPhase section */
		607FACCE1AFB9204008FA782 /* Resources */ = {
			isa = PBXResourcesBuildPhase;
			buildActionMask = 2147483647;
			files = (
				607FACE01AFB9204008FA782 /* LaunchScreen.xib in Resources */,
				607FACDD1AFB9204008FA782 /* Images.xcassets in Resources */,
			);
			runOnlyForDeploymentPostprocessing = 0;
		};
/* End PBXResourcesBuildPhase section */

/* Begin PBXShellScriptBuildPhase section */
		119B68FCE18131336D8A313A /* [CP] Check Pods Manifest.lock */ = {
			isa = PBXShellScriptBuildPhase;
			buildActionMask = 2147483647;
			files = (
			);
			inputPaths = (
				"${PODS_PODFILE_DIR_PATH}/Podfile.lock",
				"${PODS_ROOT}/Manifest.lock",
			);
			name = "[CP] Check Pods Manifest.lock";
			outputPaths = (
				"$(DERIVED_FILE_DIR)/Pods-HeaderedTabScrollView_Example-checkManifestLockResult.txt",
			);
			runOnlyForDeploymentPostprocessing = 0;
			shellPath = /bin/sh;
			shellScript = "diff \"${PODS_PODFILE_DIR_PATH}/Podfile.lock\" \"${PODS_ROOT}/Manifest.lock\" > /dev/null\nif [ $? != 0 ] ; then\n    # print error to STDERR\n    echo \"error: The sandbox is not in sync with the Podfile.lock. Run 'pod install' or update your CocoaPods installation.\" >&2\n    exit 1\nfi\n# This output is used by Xcode 'outputs' to avoid re-running this script phase.\necho \"SUCCESS\" > \"${SCRIPT_OUTPUT_FILE_0}\"\n";
			showEnvVarsInLog = 0;
		};
		2F8315C31A4FFA365814899F /* [CP] Copy Pods Resources */ = {
			isa = PBXShellScriptBuildPhase;
			buildActionMask = 2147483647;
			files = (
			);
			inputPaths = (
			);
			name = "[CP] Copy Pods Resources";
			outputPaths = (
			);
			runOnlyForDeploymentPostprocessing = 0;
			shellPath = /bin/sh;
			shellScript = "\"${SRCROOT}/Pods/Target Support Files/Pods-HeaderedTabScrollView_Example/Pods-HeaderedTabScrollView_Example-resources.sh\"\n";
			showEnvVarsInLog = 0;
		};
		60BEAE4FF8D2F67A3645EF28 /* [CP] Embed Pods Frameworks */ = {
			isa = PBXShellScriptBuildPhase;
			buildActionMask = 2147483647;
			files = (
			);
			inputPaths = (
				"${SRCROOT}/Pods/Target Support Files/Pods-HeaderedTabScrollView_Example/Pods-HeaderedTabScrollView_Example-frameworks.sh",
				"${BUILT_PRODUCTS_DIR}/ACTabScrollView/ACTabScrollView.framework",
				"${BUILT_PRODUCTS_DIR}/HeaderedTabScrollView/HeaderedTabScrollView.framework",
				"${BUILT_PRODUCTS_DIR}/PageMenu/PageMenu.framework",
			);
			name = "[CP] Embed Pods Frameworks";
			outputPaths = (
				"${TARGET_BUILD_DIR}/${FRAMEWORKS_FOLDER_PATH}/ACTabScrollView.framework",
				"${TARGET_BUILD_DIR}/${FRAMEWORKS_FOLDER_PATH}/HeaderedTabScrollView.framework",
				"${TARGET_BUILD_DIR}/${FRAMEWORKS_FOLDER_PATH}/PageMenu.framework",
			);
			runOnlyForDeploymentPostprocessing = 0;
			shellPath = /bin/sh;
			shellScript = "\"${SRCROOT}/Pods/Target Support Files/Pods-HeaderedTabScrollView_Example/Pods-HeaderedTabScrollView_Example-frameworks.sh\"\n";
			showEnvVarsInLog = 0;
		};
/* End PBXShellScriptBuildPhase section */

/* Begin PBXSourcesBuildPhase section */
		607FACCC1AFB9204008FA782 /* Sources */ = {
			isa = PBXSourcesBuildPhase;
			buildActionMask = 2147483647;
			files = (
				974126F81F82477B00362AE5 /* HaDExampleViewController.swift in Sources */,
				974126FE1F82477B00362AE5 /* StatView.swift in Sources */,
				974126F71F82477B00362AE5 /* BasicHeaderedCAPSPageMenuViewController.swift in Sources */,
				974126FB1F82477B00362AE5 /* HNUserPageController.swift in Sources */,
				974127041F8248EC00362AE5 /* AllInOneDemoWithNavController.swift in Sources */,
				974126F91F82477B00362AE5 /* HackadayHeaderView.swift in Sources */,
				607FACD61AFB9204008FA782 /* AppDelegate.swift in Sources */,
				974126FA1F82477B00362AE5 /* PlaceholderScrollableViewController.swift in Sources */,
				97E39DA41F83FA3000065863 /* CustomAnimationViewController.swift in Sources */,
				974127001F82477B00362AE5 /* BasicHeaderedACTabScrollViewController.swift in Sources */,
				974126FF1F82477B00362AE5 /* HNUserPageHeaderView.swift in Sources */,
				974126FC1F82477B00362AE5 /* WithoutNavBarExample.swift in Sources */,
			);
			runOnlyForDeploymentPostprocessing = 0;
		};
/* End PBXSourcesBuildPhase section */

/* Begin PBXVariantGroup section */
		607FACDE1AFB9204008FA782 /* LaunchScreen.xib */ = {
			isa = PBXVariantGroup;
			children = (
				607FACDF1AFB9204008FA782 /* Base */,
			);
			name = LaunchScreen.xib;
			sourceTree = "<group>";
		};
/* End PBXVariantGroup section */

/* Begin XCBuildConfiguration section */
		607FACED1AFB9204008FA782 /* Debug */ = {
			isa = XCBuildConfiguration;
			buildSettings = {
				ALWAYS_SEARCH_USER_PATHS = NO;
				CLANG_CXX_LANGUAGE_STANDARD = "gnu++0x";
				CLANG_CXX_LIBRARY = "libc++";
				CLANG_ENABLE_MODULES = YES;
				CLANG_ENABLE_OBJC_ARC = YES;
				CLANG_WARN_BLOCK_CAPTURE_AUTORELEASING = YES;
				CLANG_WARN_BOOL_CONVERSION = YES;
				CLANG_WARN_COMMA = YES;
				CLANG_WARN_CONSTANT_CONVERSION = YES;
				CLANG_WARN_DEPRECATED_OBJC_IMPLEMENTATIONS = YES;
				CLANG_WARN_DIRECT_OBJC_ISA_USAGE = YES_ERROR;
				CLANG_WARN_EMPTY_BODY = YES;
				CLANG_WARN_ENUM_CONVERSION = YES;
				CLANG_WARN_INFINITE_RECURSION = YES;
				CLANG_WARN_INT_CONVERSION = YES;
				CLANG_WARN_NON_LITERAL_NULL_CONVERSION = YES;
				CLANG_WARN_OBJC_IMPLICIT_RETAIN_SELF = YES;
				CLANG_WARN_OBJC_LITERAL_CONVERSION = YES;
				CLANG_WARN_OBJC_ROOT_CLASS = YES_ERROR;
				CLANG_WARN_RANGE_LOOP_ANALYSIS = YES;
				CLANG_WARN_STRICT_PROTOTYPES = YES;
				CLANG_WARN_SUSPICIOUS_MOVE = YES;
				CLANG_WARN_UNREACHABLE_CODE = YES;
				CLANG_WARN__DUPLICATE_METHOD_MATCH = YES;
				"CODE_SIGN_IDENTITY[sdk=iphoneos*]" = "iPhone Developer";
				COPY_PHASE_STRIP = NO;
				DEBUG_INFORMATION_FORMAT = "dwarf-with-dsym";
				ENABLE_STRICT_OBJC_MSGSEND = YES;
				ENABLE_TESTABILITY = YES;
				GCC_C_LANGUAGE_STANDARD = gnu99;
				GCC_DYNAMIC_NO_PIC = NO;
				GCC_NO_COMMON_BLOCKS = YES;
				GCC_OPTIMIZATION_LEVEL = 0;
				GCC_PREPROCESSOR_DEFINITIONS = (
					"DEBUG=1",
					"$(inherited)",
				);
				GCC_SYMBOLS_PRIVATE_EXTERN = NO;
				GCC_WARN_64_TO_32_BIT_CONVERSION = YES;
				GCC_WARN_ABOUT_RETURN_TYPE = YES_ERROR;
				GCC_WARN_UNDECLARED_SELECTOR = YES;
				GCC_WARN_UNINITIALIZED_AUTOS = YES_AGGRESSIVE;
				GCC_WARN_UNUSED_FUNCTION = YES;
				GCC_WARN_UNUSED_VARIABLE = YES;
				IPHONEOS_DEPLOYMENT_TARGET = 9.0;
				MTL_ENABLE_DEBUG_INFO = YES;
				ONLY_ACTIVE_ARCH = YES;
				SDKROOT = iphoneos;
				SWIFT_OPTIMIZATION_LEVEL = "-Onone";
				SWIFT_SWIFT3_OBJC_INFERENCE = Default;
			};
			name = Debug;
		};
		607FACEE1AFB9204008FA782 /* Release */ = {
			isa = XCBuildConfiguration;
			buildSettings = {
				ALWAYS_SEARCH_USER_PATHS = NO;
				CLANG_CXX_LANGUAGE_STANDARD = "gnu++0x";
				CLANG_CXX_LIBRARY = "libc++";
				CLANG_ENABLE_MODULES = YES;
				CLANG_ENABLE_OBJC_ARC = YES;
				CLANG_WARN_BLOCK_CAPTURE_AUTORELEASING = YES;
				CLANG_WARN_BOOL_CONVERSION = YES;
				CLANG_WARN_COMMA = YES;
				CLANG_WARN_CONSTANT_CONVERSION = YES;
				CLANG_WARN_DEPRECATED_OBJC_IMPLEMENTATIONS = YES;
				CLANG_WARN_DIRECT_OBJC_ISA_USAGE = YES_ERROR;
				CLANG_WARN_EMPTY_BODY = YES;
				CLANG_WARN_ENUM_CONVERSION = YES;
				CLANG_WARN_INFINITE_RECURSION = YES;
				CLANG_WARN_INT_CONVERSION = YES;
				CLANG_WARN_NON_LITERAL_NULL_CONVERSION = YES;
				CLANG_WARN_OBJC_IMPLICIT_RETAIN_SELF = YES;
				CLANG_WARN_OBJC_LITERAL_CONVERSION = YES;
				CLANG_WARN_OBJC_ROOT_CLASS = YES_ERROR;
				CLANG_WARN_RANGE_LOOP_ANALYSIS = YES;
				CLANG_WARN_STRICT_PROTOTYPES = YES;
				CLANG_WARN_SUSPICIOUS_MOVE = YES;
				CLANG_WARN_UNREACHABLE_CODE = YES;
				CLANG_WARN__DUPLICATE_METHOD_MATCH = YES;
				"CODE_SIGN_IDENTITY[sdk=iphoneos*]" = "iPhone Developer";
				COPY_PHASE_STRIP = NO;
				DEBUG_INFORMATION_FORMAT = "dwarf-with-dsym";
				ENABLE_NS_ASSERTIONS = NO;
				ENABLE_STRICT_OBJC_MSGSEND = YES;
				GCC_C_LANGUAGE_STANDARD = gnu99;
				GCC_NO_COMMON_BLOCKS = YES;
				GCC_WARN_64_TO_32_BIT_CONVERSION = YES;
				GCC_WARN_ABOUT_RETURN_TYPE = YES_ERROR;
				GCC_WARN_UNDECLARED_SELECTOR = YES;
				GCC_WARN_UNINITIALIZED_AUTOS = YES_AGGRESSIVE;
				GCC_WARN_UNUSED_FUNCTION = YES;
				GCC_WARN_UNUSED_VARIABLE = YES;
				IPHONEOS_DEPLOYMENT_TARGET = 9.0;
				MTL_ENABLE_DEBUG_INFO = NO;
				SDKROOT = iphoneos;
				SWIFT_OPTIMIZATION_LEVEL = "-Owholemodule";
				SWIFT_SWIFT3_OBJC_INFERENCE = Default;
				VALIDATE_PRODUCT = YES;
			};
			name = Release;
		};
		607FACF01AFB9204008FA782 /* Debug */ = {
			isa = XCBuildConfiguration;
			baseConfigurationReference = 44403100D35B91DDA65F9D62 /* Pods-HeaderedTabScrollView_Example.debug.xcconfig */;
			buildSettings = {
				ASSETCATALOG_COMPILER_APPICON_NAME = AppIcon;
				DEVELOPMENT_TEAM = "";
				INFOPLIST_FILE = HeaderedTabScrollView/Info.plist;
				LD_RUNPATH_SEARCH_PATHS = "$(inherited) @executable_path/Frameworks";
				MODULE_NAME = ExampleApp;
				PRODUCT_BUNDLE_IDENTIFIER = "org.cocoapods.demo.$(PRODUCT_NAME:rfc1034identifier)";
				PRODUCT_NAME = "$(TARGET_NAME)";
				SWIFT_SWIFT3_OBJC_INFERENCE = Default;
				SWIFT_VERSION = 4.0;
			};
			name = Debug;
		};
		607FACF11AFB9204008FA782 /* Release */ = {
			isa = XCBuildConfiguration;
			baseConfigurationReference = 3720E81626B3E7093D6E391C /* Pods-HeaderedTabScrollView_Example.release.xcconfig */;
			buildSettings = {
				ASSETCATALOG_COMPILER_APPICON_NAME = AppIcon;
				DEVELOPMENT_TEAM = "";
				INFOPLIST_FILE = HeaderedTabScrollView/Info.plist;
				LD_RUNPATH_SEARCH_PATHS = "$(inherited) @executable_path/Frameworks";
				MODULE_NAME = ExampleApp;
				PRODUCT_BUNDLE_IDENTIFIER = "org.cocoapods.demo.$(PRODUCT_NAME:rfc1034identifier)";
				PRODUCT_NAME = "$(TARGET_NAME)";
				SWIFT_SWIFT3_OBJC_INFERENCE = Default;
				SWIFT_VERSION = 4.0;
			};
			name = Release;
		};
/* End XCBuildConfiguration section */

/* Begin XCConfigurationList section */
		607FACCB1AFB9204008FA782 /* Build configuration list for PBXProject "HeaderedTabScrollView" */ = {
			isa = XCConfigurationList;
			buildConfigurations = (
				607FACED1AFB9204008FA782 /* Debug */,
				607FACEE1AFB9204008FA782 /* Release */,
			);
			defaultConfigurationIsVisible = 0;
			defaultConfigurationName = Release;
		};
		607FACEF1AFB9204008FA782 /* Build configuration list for PBXNativeTarget "HeaderedTabScrollView_Example" */ = {
			isa = XCConfigurationList;
			buildConfigurations = (
				607FACF01AFB9204008FA782 /* Debug */,
				607FACF11AFB9204008FA782 /* Release */,
			);
			defaultConfigurationIsVisible = 0;
			defaultConfigurationName = Release;
		};
/* End XCConfigurationList section */
	};
	rootObject = 607FACC81AFB9204008FA782 /* Project object */;
}
